
Microsoft Visual Studio Solution File, Format Version 12.00
# Visual Studio Version 17
VisualStudioVersion = 17.0.32112.339
MinimumVisualStudioVersion = 10.0.40219.1
Project("{FAE04EC0-301F-11D3-BF4B-00C04F79EFBC}") = "EFDemoWeb", "EFDemoWeb\EFDemoWeb.csproj", "{40DDAEA3-143E-4F30-98AD-D6C181CBDFEA}"
EndProject
Project("{FAE04EC0-301F-11D3-BF4B-00C04F79EFBC}") = "EFDataAccessLibrary", "EFDataAccessLibrary\EFDataAccessLibrary.csproj", "{45AC02C1-C895-4DC7-97B0-923ED4933AC4}"
EndProject
Project("{2150E333-8FDC-42A3-9474-1A3956D46DE8}") = "EntityFramework Best Practices", "EntityFramework Best Practices", "{211402CB-02AE-4E50-BED7-16701139A85D}"
EndProject
Global
	GlobalSection(SolutionConfigurationPlatforms) = preSolution
		Debug|Any CPU = Debug|Any CPU
		Release|Any CPU = Release|Any CPU
	EndGlobalSection
	GlobalSection(ProjectConfigurationPlatforms) = postSolution
		{40DDAEA3-143E-4F30-98AD-D6C181CBDFEA}.Debug|Any CPU.ActiveCfg = Debug|Any CPU
		{40DDAEA3-143E-4F30-98AD-D6C181CBDFEA}.Debug|Any CPU.Build.0 = Debug|Any CPU
		{40DDAEA3-143E-4F30-98AD-D6C181CBDFEA}.Release|Any CPU.ActiveCfg = Release|Any CPU
		{40DDAEA3-143E-4F30-98AD-D6C181CBDFEA}.Release|Any CPU.Build.0 = Release|Any CPU
		{45AC02C1-C895-4DC7-97B0-923ED4933AC4}.Debug|Any CPU.ActiveCfg = Debug|Any CPU
		{45AC02C1-C895-4DC7-97B0-923ED4933AC4}.Debug|Any CPU.Build.0 = Debug|Any CPU
		{45AC02C1-C895-4DC7-97B0-923ED4933AC4}.Release|Any CPU.ActiveCfg = Release|Any CPU
		{45AC02C1-C895-4DC7-97B0-923ED4933AC4}.Release|Any CPU.Build.0 = Release|Any CPU
	EndGlobalSection
	GlobalSection(SolutionProperties) = preSolution
		HideSolutionNode = FALSE
	EndGlobalSection
	GlobalSection(NestedProjects) = preSolution
		{40DDAEA3-143E-4F30-98AD-D6C181CBDFEA} = {211402CB-02AE-4E50-BED7-16701139A85D}
		{45AC02C1-C895-4DC7-97B0-923ED4933AC4} = {211402CB-02AE-4E50-BED7-16701139A85D}
	EndGlobalSection
	GlobalSection(ExtensibilityGlobals) = postSolution
		SolutionGuid = {D6573E55-A31E-4000-B194-67271AD38CD3}
	EndGlobalSection
EndGlobal
